Microsoft Visual Studio Solution File, Format Version 11.00
# Visual Studio 2008

Project("{3388F5E5-DB07-58A3-991C-543D8A73978C}") = "TetrisUnity", "Assembly-CSharp.csproj", "{0012D882-2468-C65A-BB1C-E0DDB80832C1}"
EndProject
Project("{3388F5E5-DB07-58A3-991C-543D8A73978C}") = "TetrisUnity", "Assembly-CSharp-Editor.csproj", "{FB3AE671-59C5-8958-E6CD-8DDC36E0C82C}"
EndProject
Global
	GlobalSection(SolutionConfigurationPlatforms) = preSolution
		Debug|Any CPU = Debug|Any CPU
		Release|Any CPU = Release|Any CPU
	EndGlobalSection
	GlobalSection(ProjectConfigurationPlatforms) = postSolution
		{0012D882-2468-C65A-BB1C-E0DDB80832C1}.Debug|Any CPU.ActiveCfg = Debug|Any CPU
		{0012D882-2468-C65A-BB1C-E0DDB80832C1}.Debug|Any CPU.Build.0 = Debug|Any CPU
		{0012D882-2468-C65A-BB1C-E0DDB80832C1}.Release|Any CPU.ActiveCfg = Release|Any CPU
		{0012D882-2468-C65A-BB1C-E0DDB80832C1}.Release|Any CPU.Build.0 = Release|Any CPU
		{FB3AE671-59C5-8958-E6CD-8DDC36E0C82C}.Debug|Any CPU.ActiveCfg = Debug|Any CPU
		{FB3AE671-59C5-8958-E6CD-8DDC36E0C82C}.Debug|Any CPU.Build.0 = Debug|Any CPU
		{FB3AE671-59C5-8958-E6CD-8DDC36E0C82C}.Release|Any CPU.ActiveCfg = Release|Any CPU
		{FB3AE671-59C5-8958-E6CD-8DDC36E0C82C}.Release|Any CPU.Build.0 = Release|Any CPU
	EndGlobalSection
	GlobalSection(SolutionProperties) = preSolution
		HideSolutionNode = FALSE
	EndGlobalSection
			GlobalSection(MonoDevelopProperties) = preSolution
		StartupItem = Assembly-CSharp.csproj
		Policies = $0
		$0.TextStylePolicy = $1
		$1.inheritsSet = null
		$1.scope = text/x-csharp
		$0.CSharpFormattingPolicy = $2
		$2.inheritsSet = Mono
		$2.inheritsScope = text/x-csharp
		$2.scope = text/x-csharp
		$0.TextStylePolicy = $3
		$3.FileWidth = 120
		$3.TabWidth = 4
		$3.EolMarker = Unix
		$3.inheritsSet = Mono
		$3.inheritsScope = text/plain
		$3.scope = text/plain
	EndGlobalSection

EndGlobal
