
Microsoft Visual Studio Solution File, Format Version 12.00
# Visual Studio 2013
Project("{FAE04EC0-301F-11D3-BF4B-00C04F79EFBC}") = "UnityVS.TetrisUnity.CSharp", "UnityVS.TetrisUnity.CSharp.csproj", "{8959576D-6292-AADF-3EE5-CC63E9860387}"
EndProject
Project("{FAE04EC0-301F-11D3-BF4B-00C04F79EFBC}") = "UnityVS.TetrisUnity.CSharp.Editor", "UnityVS.TetrisUnity.CSharp.Editor.csproj", "{8DA5DDC7-033D-5620-FE56-830777B0953B}"
EndProject
Global
	GlobalSection(SolutionConfigurationPlatforms) = preSolution
		Debug|Any CPU = Debug|Any CPU
		Release|Any CPU = Release|Any CPU
	EndGlobalSection
	GlobalSection(ProjectConfigurationPlatforms) = postSolution
		{8959576D-6292-AADF-3EE5-CC63E9860387}.Debug|Any CPU.ActiveCfg = Debug|Any CPU
		{8959576D-6292-AADF-3EE5-CC63E9860387}.Debug|Any CPU.Build.0 = Debug|Any CPU
		{8959576D-6292-AADF-3EE5-CC63E9860387}.Release|Any CPU.ActiveCfg = Release|Any CPU
		{8959576D-6292-AADF-3EE5-CC63E9860387}.Release|Any CPU.Build.0 = Release|Any CPU
		{8DA5DDC7-033D-5620-FE56-830777B0953B}.Debug|Any CPU.ActiveCfg = Debug|Any CPU
		{8DA5DDC7-033D-5620-FE56-830777B0953B}.Debug|Any CPU.Build.0 = Debug|Any CPU
		{8DA5DDC7-033D-5620-FE56-830777B0953B}.Release|Any CPU.ActiveCfg = Release|Any CPU
		{8DA5DDC7-033D-5620-FE56-830777B0953B}.Release|Any CPU.Build.0 = Release|Any CPU
	EndGlobalSection
	GlobalSection(SolutionProperties) = preSolution
		HideSolutionNode = FALSE
	EndGlobalSection
EndGlobal
